
Microsoft Visual Studio Solution File, Format Version 12.00
# Visual Studio Version 16
VisualStudioVersion = 25.0.1706.6
MinimumVisualStudioVersion = 10.0.40219.1
Project("{FAE04EC0-301F-11D3-BF4B-00C04F79EFBC}") = "gorselodev", "gorselodev\gorselodev.csproj", "{C4CCE578-0B2C-4D6C-880F-37331F17C287}"
EndProject
Global
	GlobalSection(SolutionConfigurationPlatforms) = preSolution
		Debug|Any CPU = Debug|Any CPU
		Release|Any CPU = Release|Any CPU
	EndGlobalSection
	GlobalSection(ProjectConfigurationPlatforms) = postSolution
		{C4CCE578-0B2C-4D6C-880F-37331F17C287}.Debug|Any CPU.ActiveCfg = Debug|Any CPU
		{C4CCE578-0B2C-4D6C-880F-37331F17C287}.Debug|Any CPU.Build.0 = Debug|Any CPU
		{C4CCE578-0B2C-4D6C-880F-37331F17C287}.Release|Any CPU.ActiveCfg = Release|Any CPU
		{C4CCE578-0B2C-4D6C-880F-37331F17C287}.Release|Any CPU.Build.0 = Release|Any CPU
	EndGlobalSection
	GlobalSection(SolutionProperties) = preSolution
		HideSolutionNode = FALSE
	EndGlobalSection
	GlobalSection(ExtensibilityGlobals) = postSolution
		SolutionGuid = {289EEF02-0ACD-4BB6-9DBE-97E2235ED61F}
	EndGlobalSection
EndGlobal
